
Microsoft Visual Studio Solution File, Format Version 12.00
# Visual Studio Version 17
VisualStudioVersion = 17.3.32825.248
MinimumVisualStudioVersion = 10.0.40219.1
Project("{2150E333-8FDC-42A3-9474-1A3956D46DE8}") = "01.Creationals", "01.Creationals", "{7A3DCD48-2F3D-45D0-9731-49E14B68DFC3}"
EndProject
Project("{2150E333-8FDC-42A3-9474-1A3956D46DE8}") = "02.Structurals", "02.Structurals", "{02572463-DC38-4A32-B604-B4EF10B969FA}"
EndProject
Project("{2150E333-8FDC-42A3-9474-1A3956D46DE8}") = "03.Behaviorals", "03.Behaviorals", "{DF8BD2DC-A67C-499A-991E-5CED4D8E47BC}"
EndProject
Project("{2150E333-8FDC-42A3-9474-1A3956D46DE8}") = "Solution Items", "Solution Items", "{1D794A59-794F-473B-8791-AC467EDD0D68}"
	ProjectSection(SolutionItems) = preProject
		CATALOG.txt = CATALOG.txt
	EndProjectSection
EndProject
Project("{FAE04EC0-301F-11D3-BF4B-00C04F79EFBC}") = "AbstractFactory", "AbstractFactory\AbstractFactory.csproj", "{57043432-278F-4B85-AB71-4973E19DAAF4}"
EndProject
Project("{FAE04EC0-301F-11D3-BF4B-00C04F79EFBC}") = "Builder", "Builder\Builder.csproj", "{DCD9FC78-EEF5-4E99-9FE5-729B8E18F140}"
EndProject
Project("{FAE04EC0-301F-11D3-BF4B-00C04F79EFBC}") = "FactoryMethod", "FactoryMethod\FactoryMethod.csproj", "{A88CA2D4-E938-4596-A7B7-3E7B61CD5361}"
EndProject
Project("{FAE04EC0-301F-11D3-BF4B-00C04F79EFBC}") = "Prototype", "Prototype\Prototype.csproj", "{9E80BE20-1121-443E-A8D8-D1FBE8D989B6}"
EndProject
Project("{FAE04EC0-301F-11D3-BF4B-00C04F79EFBC}") = "Singleton", "Singleton\Singleton.csproj", "{E59813F7-1D96-4484-840A-B06CCF1F6B76}"
EndProject
Project("{FAE04EC0-301F-11D3-BF4B-00C04F79EFBC}") = "Adapter", "Adapter\Adapter.csproj", "{1AB0B056-D425-47EA-BA62-97A32B40CA37}"
EndProject
Project("{FAE04EC0-301F-11D3-BF4B-00C04F79EFBC}") = "Bridge", "Bridge\Bridge.csproj", "{14734FCC-15C8-430E-991B-5EA3C9FE9722}"
EndProject
Project("{FAE04EC0-301F-11D3-BF4B-00C04F79EFBC}") = "Composite", "Composite\Composite.csproj", "{D19C38E1-0499-4998-A60A-C500212F2A1E}"
EndProject
Project("{FAE04EC0-301F-11D3-BF4B-00C04F79EFBC}") = "Decorator", "Decorator\Decorator.csproj", "{012CBB01-3163-41F9-8A35-8E975502DE3F}"
EndProject
Project("{FAE04EC0-301F-11D3-BF4B-00C04F79EFBC}") = "Facade", "Facade\Facade.csproj", "{76CC5A7F-4136-4D46-A335-F3319DBAB400}"
EndProject
Project("{FAE04EC0-301F-11D3-BF4B-00C04F79EFBC}") = "FlyWeight", "FlyWeight\FlyWeight.csproj", "{A2E82B1F-A3DB-4F9F-872E-800B6376F8E2}"
EndProject
Project("{FAE04EC0-301F-11D3-BF4B-00C04F79EFBC}") = "Proxy", "Proxy\Proxy.csproj", "{35248DD3-B6E4-4D33-BFAC-856BB95F6997}"
EndProject
Project("{FAE04EC0-301F-11D3-BF4B-00C04F79EFBC}") = "ChainOfResponsibility", "ChainOfResponsibility\ChainOfResponsibility.csproj", "{78451B1C-821D-4657-82B6-959858C32544}"
EndProject
Project("{FAE04EC0-301F-11D3-BF4B-00C04F79EFBC}") = "Command", "Command\Command.csproj", "{4E7A90F4-E02F-4E80-B47A-5A47900D6891}"
EndProject
Project("{FAE04EC0-301F-11D3-BF4B-00C04F79EFBC}") = "Interpreter", "Interpreter\Interpreter.csproj", "{372EFEF1-D8FA-48F5-A76F-AABF0EACD72E}"
EndProject
Project("{FAE04EC0-301F-11D3-BF4B-00C04F79EFBC}") = "Iterator", "Iterator\Iterator.csproj", "{F434BFB8-7761-4D74-9264-91779F51928D}"
EndProject
Project("{FAE04EC0-301F-11D3-BF4B-00C04F79EFBC}") = "Mediator", "Mediator\Mediator.csproj", "{4A5C2273-977C-4F49-8EF8-22CAF55FEC79}"
EndProject
Project("{FAE04EC0-301F-11D3-BF4B-00C04F79EFBC}") = "Memento", "Memento\Memento.csproj", "{F6B617CB-A69B-4AF8-B6B4-A04AB77C70BF}"
EndProject
Project("{FAE04EC0-301F-11D3-BF4B-00C04F79EFBC}") = "Observer", "Observer\Observer.csproj", "{65FAC440-0AF9-4221-A5F9-466B4212D107}"
EndProject
Project("{FAE04EC0-301F-11D3-BF4B-00C04F79EFBC}") = "State", "State\State.csproj", "{FFA0CF3C-EF2F-4591-868A-64C13BE6940A}"
EndProject
Project("{FAE04EC0-301F-11D3-BF4B-00C04F79EFBC}") = "Strategy", "Strategy\Strategy.csproj", "{472F1AD0-4CF0-43CB-A1F1-2D7D22464A7C}"
EndProject
Project("{FAE04EC0-301F-11D3-BF4B-00C04F79EFBC}") = "TemplateMethod", "TemplateMethod\TemplateMethod.csproj", "{09C971B4-3609-4CC1-B1C9-7DDCEEAD9FB5}"
EndProject
Project("{FAE04EC0-301F-11D3-BF4B-00C04F79EFBC}") = "Visitor", "Visitor\Visitor.csproj", "{1B8C98B3-752F-4490-BE28-7860744CDC5C}"
EndProject
Global
	GlobalSection(SolutionConfigurationPlatforms) = preSolution
		Debug|Any CPU = Debug|Any CPU
		Release|Any CPU = Release|Any CPU
	EndGlobalSection
	GlobalSection(ProjectConfigurationPlatforms) = postSolution
		{57043432-278F-4B85-AB71-4973E19DAAF4}.Debug|Any CPU.ActiveCfg = Debug|Any CPU
		{57043432-278F-4B85-AB71-4973E19DAAF4}.Debug|Any CPU.Build.0 = Debug|Any CPU
		{57043432-278F-4B85-AB71-4973E19DAAF4}.Release|Any CPU.ActiveCfg = Release|Any CPU
		{57043432-278F-4B85-AB71-4973E19DAAF4}.Release|Any CPU.Build.0 = Release|Any CPU
		{DCD9FC78-EEF5-4E99-9FE5-729B8E18F140}.Debug|Any CPU.ActiveCfg = Debug|Any CPU
		{DCD9FC78-EEF5-4E99-9FE5-729B8E18F140}.Debug|Any CPU.Build.0 = Debug|Any CPU
		{DCD9FC78-EEF5-4E99-9FE5-729B8E18F140}.Release|Any CPU.ActiveCfg = Release|Any CPU
		{DCD9FC78-EEF5-4E99-9FE5-729B8E18F140}.Release|Any CPU.Build.0 = Release|Any CPU
		{A88CA2D4-E938-4596-A7B7-3E7B61CD5361}.Debug|Any CPU.ActiveCfg = Debug|Any CPU
		{A88CA2D4-E938-4596-A7B7-3E7B61CD5361}.Debug|Any CPU.Build.0 = Debug|Any CPU
		{A88CA2D4-E938-4596-A7B7-3E7B61CD5361}.Release|Any CPU.ActiveCfg = Release|Any CPU
		{A88CA2D4-E938-4596-A7B7-3E7B61CD5361}.Release|Any CPU.Build.0 = Release|Any CPU
		{9E80BE20-1121-443E-A8D8-D1FBE8D989B6}.Debug|Any CPU.ActiveCfg = Debug|Any CPU
		{9E80BE20-1121-443E-A8D8-D1FBE8D989B6}.Debug|Any CPU.Build.0 = Debug|Any CPU
		{9E80BE20-1121-443E-A8D8-D1FBE8D989B6}.Release|Any CPU.ActiveCfg = Release|Any CPU
		{9E80BE20-1121-443E-A8D8-D1FBE8D989B6}.Release|Any CPU.Build.0 = Release|Any CPU
		{E59813F7-1D96-4484-840A-B06CCF1F6B76}.Debug|Any CPU.ActiveCfg = Debug|Any CPU
		{E59813F7-1D96-4484-840A-B06CCF1F6B76}.Debug|Any CPU.Build.0 = Debug|Any CPU
		{E59813F7-1D96-4484-840A-B06CCF1F6B76}.Release|Any CPU.ActiveCfg = Release|Any CPU
		{E59813F7-1D96-4484-840A-B06CCF1F6B76}.Release|Any CPU.Build.0 = Release|Any CPU
		{1AB0B056-D425-47EA-BA62-97A32B40CA37}.Debug|Any CPU.ActiveCfg = Debug|Any CPU
		{1AB0B056-D425-47EA-BA62-97A32B40CA37}.Debug|Any CPU.Build.0 = Debug|Any CPU
		{1AB0B056-D425-47EA-BA62-97A32B40CA37}.Release|Any CPU.ActiveCfg = Release|Any CPU
		{1AB0B056-D425-47EA-BA62-97A32B40CA37}.Release|Any CPU.Build.0 = Release|Any CPU
		{14734FCC-15C8-430E-991B-5EA3C9FE9722}.Debug|Any CPU.ActiveCfg = Debug|Any CPU
		{14734FCC-15C8-430E-991B-5EA3C9FE9722}.Debug|Any CPU.Build.0 = Debug|Any CPU
		{14734FCC-15C8-430E-991B-5EA3C9FE9722}.Release|Any CPU.ActiveCfg = Release|Any CPU
		{14734FCC-15C8-430E-991B-5EA3C9FE9722}.Release|Any CPU.Build.0 = Release|Any CPU
		{D19C38E1-0499-4998-A60A-C500212F2A1E}.Debug|Any CPU.ActiveCfg = Debug|Any CPU
		{D19C38E1-0499-4998-A60A-C500212F2A1E}.Debug|Any CPU.Build.0 = Debug|Any CPU
		{D19C38E1-0499-4998-A60A-C500212F2A1E}.Release|Any CPU.ActiveCfg = Release|Any CPU
		{D19C38E1-0499-4998-A60A-C500212F2A1E}.Release|Any CPU.Build.0 = Release|Any CPU
		{012CBB01-3163-41F9-8A35-8E975502DE3F}.Debug|Any CPU.ActiveCfg = Debug|Any CPU
		{012CBB01-3163-41F9-8A35-8E975502DE3F}.Debug|Any CPU.Build.0 = Debug|Any CPU
		{012CBB01-3163-41F9-8A35-8E975502DE3F}.Release|Any CPU.ActiveCfg = Release|Any CPU
		{012CBB01-3163-41F9-8A35-8E975502DE3F}.Release|Any CPU.Build.0 = Release|Any CPU
		{76CC5A7F-4136-4D46-A335-F3319DBAB400}.Debug|Any CPU.ActiveCfg = Debug|Any CPU
		{76CC5A7F-4136-4D46-A335-F3319DBAB400}.Debug|Any CPU.Build.0 = Debug|Any CPU
		{76CC5A7F-4136-4D46-A335-F3319DBAB400}.Release|Any CPU.ActiveCfg = Release|Any CPU
		{76CC5A7F-4136-4D46-A335-F3319DBAB400}.Release|Any CPU.Build.0 = Release|Any CPU
		{A2E82B1F-A3DB-4F9F-872E-800B6376F8E2}.Debug|Any CPU.ActiveCfg = Debug|Any CPU
		{A2E82B1F-A3DB-4F9F-872E-800B6376F8E2}.Debug|Any CPU.Build.0 = Debug|Any CPU
		{A2E82B1F-A3DB-4F9F-872E-800B6376F8E2}.Release|Any CPU.ActiveCfg = Release|Any CPU
		{A2E82B1F-A3DB-4F9F-872E-800B6376F8E2}.Release|Any CPU.Build.0 = Release|Any CPU
		{35248DD3-B6E4-4D33-BFAC-856BB95F6997}.Debug|Any CPU.ActiveCfg = Debug|Any CPU
		{35248DD3-B6E4-4D33-BFAC-856BB95F6997}.Debug|Any CPU.Build.0 = Debug|Any CPU
		{35248DD3-B6E4-4D33-BFAC-856BB95F6997}.Release|Any CPU.ActiveCfg = Release|Any CPU
		{35248DD3-B6E4-4D33-BFAC-856BB95F6997}.Release|Any CPU.Build.0 = Release|Any CPU
		{78451B1C-821D-4657-82B6-959858C32544}.Debug|Any CPU.ActiveCfg = Debug|Any CPU
		{78451B1C-821D-4657-82B6-959858C32544}.Debug|Any CPU.Build.0 = Debug|Any CPU
		{78451B1C-821D-4657-82B6-959858C32544}.Release|Any CPU.ActiveCfg = Release|Any CPU
		{78451B1C-821D-4657-82B6-959858C32544}.Release|Any CPU.Build.0 = Release|Any CPU
		{4E7A90F4-E02F-4E80-B47A-5A47900D6891}.Debug|Any CPU.ActiveCfg = Debug|Any CPU
		{4E7A90F4-E02F-4E80-B47A-5A47900D6891}.Debug|Any CPU.Build.0 = Debug|Any CPU
		{4E7A90F4-E02F-4E80-B47A-5A47900D6891}.Release|Any CPU.ActiveCfg = Release|Any CPU
		{4E7A90F4-E02F-4E80-B47A-5A47900D6891}.Release|Any CPU.Build.0 = Release|Any CPU
		{372EFEF1-D8FA-48F5-A76F-AABF0EACD72E}.Debug|Any CPU.ActiveCfg = Debug|Any CPU
		{372EFEF1-D8FA-48F5-A76F-AABF0EACD72E}.Debug|Any CPU.Build.0 = Debug|Any CPU
		{372EFEF1-D8FA-48F5-A76F-AABF0EACD72E}.Release|Any CPU.ActiveCfg = Release|Any CPU
		{372EFEF1-D8FA-48F5-A76F-AABF0EACD72E}.Release|Any CPU.Build.0 = Release|Any CPU
		{F434BFB8-7761-4D74-9264-91779F51928D}.Debug|Any CPU.ActiveCfg = Debug|Any CPU
		{F434BFB8-7761-4D74-9264-91779F51928D}.Debug|Any CPU.Build.0 = Debug|Any CPU
		{F434BFB8-7761-4D74-9264-91779F51928D}.Release|Any CPU.ActiveCfg = Release|Any CPU
		{F434BFB8-7761-4D74-9264-91779F51928D}.Release|Any CPU.Build.0 = Release|Any CPU
		{4A5C2273-977C-4F49-8EF8-22CAF55FEC79}.Debug|Any CPU.ActiveCfg = Debug|Any CPU
		{4A5C2273-977C-4F49-8EF8-22CAF55FEC79}.Debug|Any CPU.Build.0 = Debug|Any CPU
		{4A5C2273-977C-4F49-8EF8-22CAF55FEC79}.Release|Any CPU.ActiveCfg = Release|Any CPU
		{4A5C2273-977C-4F49-8EF8-22CAF55FEC79}.Release|Any CPU.Build.0 = Release|Any CPU
		{F6B617CB-A69B-4AF8-B6B4-A04AB77C70BF}.Debug|Any CPU.ActiveCfg = Debug|Any CPU
		{F6B617CB-A69B-4AF8-B6B4-A04AB77C70BF}.Debug|Any CPU.Build.0 = Debug|Any CPU
		{F6B617CB-A69B-4AF8-B6B4-A04AB77C70BF}.Release|Any CPU.ActiveCfg = Release|Any CPU
		{F6B617CB-A69B-4AF8-B6B4-A04AB77C70BF}.Release|Any CPU.Build.0 = Release|Any CPU
		{65FAC440-0AF9-4221-A5F9-466B4212D107}.Debug|Any CPU.ActiveCfg = Debug|Any CPU
		{65FAC440-0AF9-4221-A5F9-466B4212D107}.Debug|Any CPU.Build.0 = Debug|Any CPU
		{65FAC440-0AF9-4221-A5F9-466B4212D107}.Release|Any CPU.ActiveCfg = Release|Any CPU
		{65FAC440-0AF9-4221-A5F9-466B4212D107}.Release|Any CPU.Build.0 = Release|Any CPU
		{FFA0CF3C-EF2F-4591-868A-64C13BE6940A}.Debug|Any CPU.ActiveCfg = Debug|Any CPU
		{FFA0CF3C-EF2F-4591-868A-64C13BE6940A}.Debug|Any CPU.Build.0 = Debug|Any CPU
		{FFA0CF3C-EF2F-4591-868A-64C13BE6940A}.Release|Any CPU.ActiveCfg = Release|Any CPU
		{FFA0CF3C-EF2F-4591-868A-64C13BE6940A}.Release|Any CPU.Build.0 = Release|Any CPU
		{472F1AD0-4CF0-43CB-A1F1-2D7D22464A7C}.Debug|Any CPU.ActiveCfg = Debug|Any CPU
		{472F1AD0-4CF0-43CB-A1F1-2D7D22464A7C}.Debug|Any CPU.Build.0 = Debug|Any CPU
		{472F1AD0-4CF0-43CB-A1F1-2D7D22464A7C}.Release|Any CPU.ActiveCfg = Release|Any CPU
		{472F1AD0-4CF0-43CB-A1F1-2D7D22464A7C}.Release|Any CPU.Build.0 = Release|Any CPU
		{09C971B4-3609-4CC1-B1C9-7DDCEEAD9FB5}.Debug|Any CPU.ActiveCfg = Debug|Any CPU
		{09C971B4-3609-4CC1-B1C9-7DDCEEAD9FB5}.Debug|Any CPU.Build.0 = Debug|Any CPU
		{09C971B4-3609-4CC1-B1C9-7DDCEEAD9FB5}.Release|Any CPU.ActiveCfg = Release|Any CPU
		{09C971B4-3609-4CC1-B1C9-7DDCEEAD9FB5}.Release|Any CPU.Build.0 = Release|Any CPU
		{1B8C98B3-752F-4490-BE28-7860744CDC5C}.Debug|Any CPU.ActiveCfg = Debug|Any CPU
		{1B8C98B3-752F-4490-BE28-7860744CDC5C}.Debug|Any CPU.Build.0 = Debug|Any CPU
		{1B8C98B3-752F-4490-BE28-7860744CDC5C}.Release|Any CPU.ActiveCfg = Release|Any CPU
		{1B8C98B3-752F-4490-BE28-7860744CDC5C}.Release|Any CPU.Build.0 = Release|Any CPU
	EndGlobalSection
	GlobalSection(SolutionProperties) = preSolution
		HideSolutionNode = FALSE
	EndGlobalSection
	GlobalSection(NestedProjects) = preSolution
		{57043432-278F-4B85-AB71-4973E19DAAF4} = {7A3DCD48-2F3D-45D0-9731-49E14B68DFC3}
		{DCD9FC78-EEF5-4E99-9FE5-729B8E18F140} = {7A3DCD48-2F3D-45D0-9731-49E14B68DFC3}
		{A88CA2D4-E938-4596-A7B7-3E7B61CD5361} = {7A3DCD48-2F3D-45D0-9731-49E14B68DFC3}
		{9E80BE20-1121-443E-A8D8-D1FBE8D989B6} = {7A3DCD48-2F3D-45D0-9731-49E14B68DFC3}
		{E59813F7-1D96-4484-840A-B06CCF1F6B76} = {7A3DCD48-2F3D-45D0-9731-49E14B68DFC3}
		{1AB0B056-D425-47EA-BA62-97A32B40CA37} = {02572463-DC38-4A32-B604-B4EF10B969FA}
		{14734FCC-15C8-430E-991B-5EA3C9FE9722} = {02572463-DC38-4A32-B604-B4EF10B969FA}
		{D19C38E1-0499-4998-A60A-C500212F2A1E} = {02572463-DC38-4A32-B604-B4EF10B969FA}
		{012CBB01-3163-41F9-8A35-8E975502DE3F} = {02572463-DC38-4A32-B604-B4EF10B969FA}
		{76CC5A7F-4136-4D46-A335-F3319DBAB400} = {02572463-DC38-4A32-B604-B4EF10B969FA}
		{A2E82B1F-A3DB-4F9F-872E-800B6376F8E2} = {02572463-DC38-4A32-B604-B4EF10B969FA}
		{35248DD3-B6E4-4D33-BFAC-856BB95F6997} = {02572463-DC38-4A32-B604-B4EF10B969FA}
		{78451B1C-821D-4657-82B6-959858C32544} = {DF8BD2DC-A67C-499A-991E-5CED4D8E47BC}
		{4E7A90F4-E02F-4E80-B47A-5A47900D6891} = {DF8BD2DC-A67C-499A-991E-5CED4D8E47BC}
		{372EFEF1-D8FA-48F5-A76F-AABF0EACD72E} = {DF8BD2DC-A67C-499A-991E-5CED4D8E47BC}
		{F434BFB8-7761-4D74-9264-91779F51928D} = {DF8BD2DC-A67C-499A-991E-5CED4D8E47BC}
		{4A5C2273-977C-4F49-8EF8-22CAF55FEC79} = {DF8BD2DC-A67C-499A-991E-5CED4D8E47BC}
		{F6B617CB-A69B-4AF8-B6B4-A04AB77C70BF} = {DF8BD2DC-A67C-499A-991E-5CED4D8E47BC}
		{65FAC440-0AF9-4221-A5F9-466B4212D107} = {DF8BD2DC-A67C-499A-991E-5CED4D8E47BC}
		{FFA0CF3C-EF2F-4591-868A-64C13BE6940A} = {DF8BD2DC-A67C-499A-991E-5CED4D8E47BC}
		{472F1AD0-4CF0-43CB-A1F1-2D7D22464A7C} = {DF8BD2DC-A67C-499A-991E-5CED4D8E47BC}
		{09C971B4-3609-4CC1-B1C9-7DDCEEAD9FB5} = {DF8BD2DC-A67C-499A-991E-5CED4D8E47BC}
		{1B8C98B3-752F-4490-BE28-7860744CDC5C} = {DF8BD2DC-A67C-499A-991E-5CED4D8E47BC}
	EndGlobalSection
	GlobalSection(ExtensibilityGlobals) = postSolution
		SolutionGuid = {F373D3C7-A993-4227-97C6-901E837B9B3E}
	EndGlobalSection
EndGlobal
